Microsoft Visual Studio Solution File, Format Version 12.00
# Visual Studio Version 17
VisualStudioVersion = 17.2.32519.379
MinimumVisualStudioVersion = 10.0.40219.1
Project("{FAE04EC0-301F-11D3-BF4B-00C04F79EFBC}") = "Bank", "Bank\Bank.csproj", "{AE64DDB7-892C-4C58-AF09-1FF08C7CA0A9}"
EndProject
Project("{FAE04EC0-301F-11D3-BF4B-00C04F79EFBC}") = "UTILS", "UTILS\UTILS.CSPROJ", "{B5FCA8EB-FCF4-4ADD-9AA9-90893B3970CD}"
EndProject
Global
	GlobalSection(SolutionConfigurationPlatforms) = preSolution
		Debug|Any CPU = Debug|Any CPU
		Release|Any CPU = Release|Any CPU
	EndGlobalSection
	GlobalSection(ProjectConfigurationPlatforms) = postSolution
		{AE64DDB7-892C-4C58-AF09-1FF08C7CA0A9}.Debug|Any CPU.ActiveCfg = Debug|Any CPU
		{AE64DDB7-892C-4C58-AF09-1FF08C7CA0A9}.Debug|Any CPU.Build.0 = Debug|Any CPU
		{AE64DDB7-892C-4C58-AF09-1FF08C7CA0A9}.Release|Any CPU.ActiveCfg = Release|Any CPU
		{AE64DDB7-892C-4C58-AF09-1FF08C7CA0A9}.Release|Any CPU.Build.0 = Release|Any CPU
		{B5FCA8EB-FCF4-4ADD-9AA9-90893B3970CD}.Debug|Any CPU.ActiveCfg = Debug|Any CPU
		{B5FCA8EB-FCF4-4ADD-9AA9-90893B3970CD}.Debug|Any CPU.Build.0 = Debug|Any CPU
		{B5FCA8EB-FCF4-4ADD-9AA9-90893B3970CD}.Release|Any CPU.ActiveCfg = Release|Any CPU
		{B5FCA8EB-FCF4-4ADD-9AA9-90893B3970CD}.Release|Any CPU.Build.0 = Release|Any CPU
	EndGlobalSection
	GlobalSection(SolutionProperties) = preSolution
		HideSolutionNode = FALSE
	EndGlobalSection
	GlobalSection(ExtensibilityGlobals) = postSolution
		SolutionGuid = {EF0604A2-50D0-496F-BC80-CD6F00815C5B}
	EndGlobalSection
EndGlobal
