
Microsoft Visual Studio Solution File, Format Version 12.00
# Visual Studio Version 17
VisualStudioVersion = 17.2.32616.157
MinimumVisualStudioVersion = 10.0.40219.1
Project("{FAE04EC0-301F-11D3-BF4B-00C04F79EFBC}") = "ITMO.CSAppDev.Final.DBConnection", "ITMO.CSAppDev.Final.DBConnection\ITMO.CSAppDev.Final.DBConnection.csproj", "{D3381E57-200B-4A0C-A1E2-75C944EBBAFD}"
EndProject
Project("{FAE04EC0-301F-11D3-BF4B-00C04F79EFBC}") = "ITMO.WinForms.FinalTest", "ITMO.WinForms.FinalTest\ITMO.WinForms.FinalTest.csproj", "{C8B1B8DF-DA8C-480D-BC67-310CB37257DE}"
EndProject
Global
	GlobalSection(SolutionConfigurationPlatforms) = preSolution
		Debug|Any CPU = Debug|Any CPU
		Release|Any CPU = Release|Any CPU
	EndGlobalSection
	GlobalSection(ProjectConfigurationPlatforms) = postSolution
		{D3381E57-200B-4A0C-A1E2-75C944EBBAFD}.Debug|Any CPU.ActiveCfg = Debug|Any CPU
		{D3381E57-200B-4A0C-A1E2-75C944EBBAFD}.Debug|Any CPU.Build.0 = Debug|Any CPU
		{D3381E57-200B-4A0C-A1E2-75C944EBBAFD}.Release|Any CPU.ActiveCfg = Release|Any CPU
		{D3381E57-200B-4A0C-A1E2-75C944EBBAFD}.Release|Any CPU.Build.0 = Release|Any CPU
		{C8B1B8DF-DA8C-480D-BC67-310CB37257DE}.Debug|Any CPU.ActiveCfg = Debug|Any CPU
		{C8B1B8DF-DA8C-480D-BC67-310CB37257DE}.Debug|Any CPU.Build.0 = Debug|Any CPU
		{C8B1B8DF-DA8C-480D-BC67-310CB37257DE}.Release|Any CPU.ActiveCfg = Release|Any CPU
		{C8B1B8DF-DA8C-480D-BC67-310CB37257DE}.Release|Any CPU.Build.0 = Release|Any CPU
	EndGlobalSection
	GlobalSection(SolutionProperties) = preSolution
		HideSolutionNode = FALSE
	EndGlobalSection
	GlobalSection(ExtensibilityGlobals) = postSolution
		SolutionGuid = {D77DCA12-EEC5-4F40-A027-23F270EF5BD4}
	EndGlobalSection
EndGlobal
