
Microsoft Visual Studio Solution File, Format Version 12.00
# Visual Studio Version 17
VisualStudioVersion = 17.2.32616.157
MinimumVisualStudioVersion = 10.0.40219.1
Project("{FAE04EC0-301F-11D3-BF4B-00C04F79EFBC}") = "ITMO.CSAppDev.Lab1.Exercise1.WindowsForms", "ITMO.CSAppDev.Lab1.Exercise1\ITMO.CSAppDev.Lab1.Exercise1.WindowsForms.csproj", "{66518922-2081-464E-B70A-D334498B032D}"
EndProject
Project("{FAE04EC0-301F-11D3-BF4B-00C04F79EFBC}") = "ITMO.CSAppDev.Lab1.Exercise2n3.WindowsForms", "ITMO.CSAppDev.Lab1.Exercise2n3.WindowsForms\ITMO.CSAppDev.Lab1.Exercise2n3.WindowsForms.csproj", "{9C93AFD7-CC45-42FD-95C3-1571ACF676E5}"
EndProject
Project("{FAE04EC0-301F-11D3-BF4B-00C04F79EFBC}") = "ITMO.CSAppDev.Lab1.Exercise5.WindowsForms", "ITMO.CSAppDev.Lab1.Exercise5.WindowsForms\ITMO.CSAppDev.Lab1.Exercise5.WindowsForms.csproj", "{18DD767F-232D-4A13-90DB-7BE265307B86}"
EndProject
Project("{FAE04EC0-301F-11D3-BF4B-00C04F79EFBC}") = "ITMO.CSAppDev.Lab1.Exercise4.MdiApp", "ITMO.CSAppDev.Lab1.Exercise4.MdiApp\ITMO.CSAppDev.Lab1.Exercise4.MdiApp.csproj", "{38B479A5-EADB-4237-BA8B-60537F06D44D}"
EndProject
Global
	GlobalSection(SolutionConfigurationPlatforms) = preSolution
		Debug|Any CPU = Debug|Any CPU
		Release|Any CPU = Release|Any CPU
	EndGlobalSection
	GlobalSection(ProjectConfigurationPlatforms) = postSolution
		{66518922-2081-464E-B70A-D334498B032D}.Debug|Any CPU.ActiveCfg = Debug|Any CPU
		{66518922-2081-464E-B70A-D334498B032D}.Debug|Any CPU.Build.0 = Debug|Any CPU
		{66518922-2081-464E-B70A-D334498B032D}.Release|Any CPU.ActiveCfg = Release|Any CPU
		{66518922-2081-464E-B70A-D334498B032D}.Release|Any CPU.Build.0 = Release|Any CPU
		{9C93AFD7-CC45-42FD-95C3-1571ACF676E5}.Debug|Any CPU.ActiveCfg = Debug|Any CPU
		{9C93AFD7-CC45-42FD-95C3-1571ACF676E5}.Debug|Any CPU.Build.0 = Debug|Any CPU
		{9C93AFD7-CC45-42FD-95C3-1571ACF676E5}.Release|Any CPU.ActiveCfg = Release|Any CPU
		{9C93AFD7-CC45-42FD-95C3-1571ACF676E5}.Release|Any CPU.Build.0 = Release|Any CPU
		{18DD767F-232D-4A13-90DB-7BE265307B86}.Debug|Any CPU.ActiveCfg = Debug|Any CPU
		{18DD767F-232D-4A13-90DB-7BE265307B86}.Debug|Any CPU.Build.0 = Debug|Any CPU
		{18DD767F-232D-4A13-90DB-7BE265307B86}.Release|Any CPU.ActiveCfg = Release|Any CPU
		{18DD767F-232D-4A13-90DB-7BE265307B86}.Release|Any CPU.Build.0 = Release|Any CPU
		{38B479A5-EADB-4237-BA8B-60537F06D44D}.Debug|Any CPU.ActiveCfg = Debug|Any CPU
		{38B479A5-EADB-4237-BA8B-60537F06D44D}.Debug|Any CPU.Build.0 = Debug|Any CPU
		{38B479A5-EADB-4237-BA8B-60537F06D44D}.Release|Any CPU.ActiveCfg = Release|Any CPU
		{38B479A5-EADB-4237-BA8B-60537F06D44D}.Release|Any CPU.Build.0 = Release|Any CPU
	EndGlobalSection
	GlobalSection(SolutionProperties) = preSolution
		HideSolutionNode = FALSE
	EndGlobalSection
	GlobalSection(ExtensibilityGlobals) = postSolution
		SolutionGuid = {CBBE1897-F0A5-46ED-8C52-EE6176227C17}
	EndGlobalSection
EndGlobal
