
Microsoft Visual Studio Solution File, Format Version 12.00
# Visual Studio Version 17
VisualStudioVersion = 17.2.32616.157
MinimumVisualStudioVersion = 10.0.40219.1
Project("{FAE04EC0-301F-11D3-BF4B-00C04F79EFBC}") = "ITMO.CSAppDev.Lab2.Exercise1.WinQuestion", "ITMO.CSAppDev.Lab2.Exercise1.WinQuestion\ITMO.CSAppDev.Lab2.Exercise1.WinQuestion.csproj", "{B79FE4F7-F37D-4E89-B262-D40A0A6D8BC7}"
EndProject
Project("{FAE04EC0-301F-11D3-BF4B-00C04F79EFBC}") = "ITMO.CSAppDev.Lab2.Exercise2.TestList", "ITMO.CSAppDev.Lab2.Exercise2.TestList\ITMO.CSAppDev.Lab2.Exercise2.TestList.csproj", "{16BC9A82-7EE7-4079-833C-36607C6C2D5C}"
EndProject
Project("{FAE04EC0-301F-11D3-BF4B-00C04F79EFBC}") = "ITMO.CSAppDev.Lab2.Exercise4.MdiApp", "..\ITMO.CSAppDev2022\ITMO.CSAppDev.Lab1.Exercise4.MdiApp\ITMO.CSAppDev.Lab2.Exercise4.MdiApp.csproj", "{38B479A5-EADB-4237-BA8B-60537F06D44D}"
EndProject
Project("{FAE04EC0-301F-11D3-BF4B-00C04F79EFBC}") = "ITMO.CSAppDev.Lab2.Exercise5.WinContainer", "ITMO.CSAppDev.Lab2.Exercise5.WinContainer\ITMO.CSAppDev.Lab2.Exercise5.WinContainer.csproj", "{CCB77FC2-D9CA-4F13-900D-30A73717955A}"
EndProject
Project("{FAE04EC0-301F-11D3-BF4B-00C04F79EFBC}") = "ITMO.CSAppDev.Lab2.Exercise6.BiblWorm", "ITMO.CSAppDev.Lab2.Exercise6.BiblWorm\ITMO.CSAppDev.Lab2.Exercise6.BiblWorm.csproj", "{F1096CB9-F204-457D-82E7-54A688989B1B}"
EndProject
Project("{FAE04EC0-301F-11D3-BF4B-00C04F79EFBC}") = "ITMO.CSAppDev.Lab2.Exercise7n8.KeyPressAndValidation", "ITMO.CSAppDev.Lab2.Exercise7n8.RegistrationForm\ITMO.CSAppDev.Lab2.Exercise7n8.KeyPressAndValidation.csproj", "{A608751A-A133-40E5-9A50-E95D0E862F66}"
EndProject
Project("{2150E333-8FDC-42A3-9474-1A3956D46DE8}") = "Solution Items", "Solution Items", "{077883D5-2C7F-4B48-A0DD-9A9FA0AC3025}"
	ProjectSection(SolutionItems) = preProject
		.editorconfig = .editorconfig
	EndProjectSection
EndProject
Global
	GlobalSection(SolutionConfigurationPlatforms) = preSolution
		Debug|Any CPU = Debug|Any CPU
		Release|Any CPU = Release|Any CPU
	EndGlobalSection
	GlobalSection(ProjectConfigurationPlatforms) = postSolution
		{B79FE4F7-F37D-4E89-B262-D40A0A6D8BC7}.Debug|Any CPU.ActiveCfg = Debug|Any CPU
		{B79FE4F7-F37D-4E89-B262-D40A0A6D8BC7}.Debug|Any CPU.Build.0 = Debug|Any CPU
		{B79FE4F7-F37D-4E89-B262-D40A0A6D8BC7}.Release|Any CPU.ActiveCfg = Release|Any CPU
		{B79FE4F7-F37D-4E89-B262-D40A0A6D8BC7}.Release|Any CPU.Build.0 = Release|Any CPU
		{16BC9A82-7EE7-4079-833C-36607C6C2D5C}.Debug|Any CPU.ActiveCfg = Debug|Any CPU
		{16BC9A82-7EE7-4079-833C-36607C6C2D5C}.Debug|Any CPU.Build.0 = Debug|Any CPU
		{16BC9A82-7EE7-4079-833C-36607C6C2D5C}.Release|Any CPU.ActiveCfg = Release|Any CPU
		{16BC9A82-7EE7-4079-833C-36607C6C2D5C}.Release|Any CPU.Build.0 = Release|Any CPU
		{38B479A5-EADB-4237-BA8B-60537F06D44D}.Debug|Any CPU.ActiveCfg = Debug|Any CPU
		{38B479A5-EADB-4237-BA8B-60537F06D44D}.Debug|Any CPU.Build.0 = Debug|Any CPU
		{38B479A5-EADB-4237-BA8B-60537F06D44D}.Release|Any CPU.ActiveCfg = Release|Any CPU
		{38B479A5-EADB-4237-BA8B-60537F06D44D}.Release|Any CPU.Build.0 = Release|Any CPU
		{CCB77FC2-D9CA-4F13-900D-30A73717955A}.Debug|Any CPU.ActiveCfg = Debug|Any CPU
		{CCB77FC2-D9CA-4F13-900D-30A73717955A}.Debug|Any CPU.Build.0 = Debug|Any CPU
		{CCB77FC2-D9CA-4F13-900D-30A73717955A}.Release|Any CPU.ActiveCfg = Release|Any CPU
		{CCB77FC2-D9CA-4F13-900D-30A73717955A}.Release|Any CPU.Build.0 = Release|Any CPU
		{F1096CB9-F204-457D-82E7-54A688989B1B}.Debug|Any CPU.ActiveCfg = Debug|Any CPU
		{F1096CB9-F204-457D-82E7-54A688989B1B}.Debug|Any CPU.Build.0 = Debug|Any CPU
		{F1096CB9-F204-457D-82E7-54A688989B1B}.Release|Any CPU.ActiveCfg = Release|Any CPU
		{F1096CB9-F204-457D-82E7-54A688989B1B}.Release|Any CPU.Build.0 = Release|Any CPU
		{A608751A-A133-40E5-9A50-E95D0E862F66}.Debug|Any CPU.ActiveCfg = Debug|Any CPU
		{A608751A-A133-40E5-9A50-E95D0E862F66}.Debug|Any CPU.Build.0 = Debug|Any CPU
		{A608751A-A133-40E5-9A50-E95D0E862F66}.Release|Any CPU.ActiveCfg = Release|Any CPU
		{A608751A-A133-40E5-9A50-E95D0E862F66}.Release|Any CPU.Build.0 = Release|Any CPU
	EndGlobalSection
	GlobalSection(SolutionProperties) = preSolution
		HideSolutionNode = FALSE
	EndGlobalSection
	GlobalSection(ExtensibilityGlobals) = postSolution
		SolutionGuid = {3835E884-6384-4470-83F8-E0D198AEFE6F}
	EndGlobalSection
EndGlobal
