Microsoft Visual Studio Solution File, Format Version 12.00
# Visual Studio Version 17
VisualStudioVersion = 17.2.32516.85
MinimumVisualStudioVersion = 10.0.40219.1
Project("{FAE04EC0-301F-11D3-BF4B-00C04F79EFBC}") = "FileDetails", "Exercise1.FileDetails\FileDetails.csproj", "{F905EADE-0F74-4696-B4B0-E3DEA3D1375A}"
EndProject
Project("{FAE04EC0-301F-11D3-BF4B-00C04F79EFBC}") = "MATRIXMULTIPLY", "Exercise1.MatrixMultiply\MATRIXMULTIPLY.CSPROJ", "{FD3B3DFD-A13D-4AF4-9B7C-26591D404909}"
EndProject
Global
	GlobalSection(SolutionConfigurationPlatforms) = preSolution
		Debug|Any CPU = Debug|Any CPU
		Release|Any CPU = Release|Any CPU
	EndGlobalSection
	GlobalSection(ProjectConfigurationPlatforms) = postSolution
		{F905EADE-0F74-4696-B4B0-E3DEA3D1375A}.Debug|Any CPU.ActiveCfg = Debug|Any CPU
		{F905EADE-0F74-4696-B4B0-E3DEA3D1375A}.Debug|Any CPU.Build.0 = Debug|Any CPU
		{F905EADE-0F74-4696-B4B0-E3DEA3D1375A}.Release|Any CPU.ActiveCfg = Release|Any CPU
		{F905EADE-0F74-4696-B4B0-E3DEA3D1375A}.Release|Any CPU.Build.0 = Release|Any CPU
		{FD3B3DFD-A13D-4AF4-9B7C-26591D404909}.Debug|Any CPU.ActiveCfg = Debug|Any CPU
		{FD3B3DFD-A13D-4AF4-9B7C-26591D404909}.Debug|Any CPU.Build.0 = Debug|Any CPU
		{FD3B3DFD-A13D-4AF4-9B7C-26591D404909}.Release|Any CPU.ActiveCfg = Release|Any CPU
		{FD3B3DFD-A13D-4AF4-9B7C-26591D404909}.Release|Any CPU.Build.0 = Release|Any CPU
	EndGlobalSection
	GlobalSection(SolutionProperties) = preSolution
		HideSolutionNode = FALSE
	EndGlobalSection
	GlobalSection(ExtensibilityGlobals) = postSolution
		SolutionGuid = {EC397517-CCD1-4691-8CEE-EEA87E773791}
	EndGlobalSection
EndGlobal
