
Microsoft Visual Studio Solution File, Format Version 12.00
# Visual Studio Version 17
VisualStudioVersion = 17.3.32901.215
MinimumVisualStudioVersion = 10.0.40219.1
Project("{9A19103F-16F7-4668-BE54-9A1E7A4F7556}") = "ITMO.LINQ.Lab7.Linq_Student", "ITMO.LINQ.Lab7.Ex1.Linq_Student\ITMO.LINQ.Lab7.Linq_Student.csproj", "{483F811C-AF7A-4156-B9F4-727CDB67EA64}"
EndProject
Global
	GlobalSection(SolutionConfigurationPlatforms) = preSolution
		Debug|Any CPU = Debug|Any CPU
		Release|Any CPU = Release|Any CPU
	EndGlobalSection
	GlobalSection(ProjectConfigurationPlatforms) = postSolution
		{483F811C-AF7A-4156-B9F4-727CDB67EA64}.Debug|Any CPU.ActiveCfg = Debug|Any CPU
		{483F811C-AF7A-4156-B9F4-727CDB67EA64}.Debug|Any CPU.Build.0 = Debug|Any CPU
		{483F811C-AF7A-4156-B9F4-727CDB67EA64}.Release|Any CPU.ActiveCfg = Release|Any CPU
		{483F811C-AF7A-4156-B9F4-727CDB67EA64}.Release|Any CPU.Build.0 = Release|Any CPU
	EndGlobalSection
	GlobalSection(SolutionProperties) = preSolution
		HideSolutionNode = FALSE
	EndGlobalSection
	GlobalSection(ExtensibilityGlobals) = postSolution
		SolutionGuid = {39F32E93-96F2-467D-A955-7C59853DF917}
	EndGlobalSection
EndGlobal
